// !$*UTF8*$!
{
	archiveVersion = 1;
	classes = {
	};
	objectVersion = 50;
	objects = {

/* Begin PBXBuildFile section */
		B73DEF7478B31A08A9292107 /* Pods_Roadtrip.framework in Frameworks */ = {isa = PBXBuildFile; fileRef = F414DB32DE5A2503AFFF3A42 /* Pods_Roadtrip.framework */; };
		FDD0997D255225C000A16B89 /* AppDelegate.swift in Sources */ = {isa = PBXBuildFile; fileRef = FDD0997C255225C000A16B89 /* AppDelegate.swift */; };
		FDD0997F255225C000A16B89 /* SceneDelegate.swift in Sources */ = {isa = PBXBuildFile; fileRef = FDD0997E255225C000A16B89 /* SceneDelegate.swift */; };
		FDD09981255225C000A16B89 /* ViewController.swift in Sources */ = {isa = PBXBuildFile; fileRef = FDD09980255225C000A16B89 /* ViewController.swift */; };
		FDD09984255225C000A16B89 /* Main.storyboard in Resources */ = {isa = PBXBuildFile; fileRef = FDD09982255225C000A16B89 /* Main.storyboard */; };
		FDD09986255225C200A16B89 /* Assets.xcassets in Resources */ = {isa = PBXBuildFile; fileRef = FDD09985255225C200A16B89 /* Assets.xcassets */; };
		FDD09989255225C200A16B89 /* LaunchScreen.storyboard in Resources */ = {isa = PBXBuildFile; fileRef = FDD09987255225C200A16B89 /* LaunchScreen.storyboard */; };
/* End PBXBuildFile section */

/* Begin PBXFileReference section */
		582671400E069773557C2B8B /* Pods-Roadtrip.release.xcconfig */ = {isa = PBXFileReference; includeInIndex = 1; lastKnownFileType = text.xcconfig; name = "Pods-Roadtrip.release.xcconfig"; path = "Target Support Files/Pods-Roadtrip/Pods-Roadtrip.release.xcconfig"; sourceTree = "<group>"; };
		B4357A17194B6E1F1CDC0951 /* Pods-Roadtrip.debug.xcconfig */ = {isa = PBXFileReference; includeInIndex = 1; lastKnownFileType = text.xcconfig; name = "Pods-Roadtrip.debug.xcconfig"; path = "Target Support Files/Pods-Roadtrip/Pods-Roadtrip.debug.xcconfig"; sourceTree = "<group>"; };
		F414DB32DE5A2503AFFF3A42 /* Pods_Roadtrip.framework */ = {isa = PBXFileReference; explicitFileType = wrapper.framework; includeInIndex = 0; path = Pods_Roadtrip.framework; sourceTree = BUILT_PRODUCTS_DIR; };
		FDD09979255225C000A16B89 /* Roadtrip.app */ = {isa = PBXFileReference; explicitFileType = wrapper.application; includeInIndex = 0; path = Roadtrip.app; sourceTree = BUILT_PRODUCTS_DIR; };
		FDD0997C255225C000A16B89 /* AppDelegate.swift */ = {isa = PBXFileReference; lastKnownFileType = sourcecode.swift; path = AppDelegate.swift; sourceTree = "<group>"; };
		FDD0997E255225C000A16B89 /* SceneDelegate.swift */ = {isa = PBXFileReference; lastKnownFileType = sourcecode.swift; path = SceneDelegate.swift; sourceTree = "<group>"; };
		FDD09980255225C000A16B89 /* ViewController.swift */ = {isa = PBXFileReference; lastKnownFileType = sourcecode.swift; path = ViewController.swift; sourceTree = "<group>"; };
		FDD09983255225C000A16B89 /* Base */ = {isa = PBXFileReference; lastKnownFileType = file.storyboard; name = Base; path = Base.lproj/Main.storyboard; sourceTree = "<group>"; };
		FDD09985255225C200A16B89 /* Assets.xcassets */ = {isa = PBXFileReference; lastKnownFileType = folder.assetcatalog; path = Assets.xcassets; sourceTree = "<group>"; };
		FDD09988255225C200A16B89 /* Base */ = {isa = PBXFileReference; lastKnownFileType = file.storyboard; name = Base; path = Base.lproj/LaunchScreen.storyboard; sourceTree = "<group>"; };
		FDD0998A255225C200A16B89 /* Info.plist */ = {isa = PBXFileReference; lastKnownFileType = text.plist.xml; path = Info.plist; sourceTree = "<group>"; };
/* End PBXFileReference section */

/* Begin PBXFrameworksBuildPhase section */
		FDD09976255225C000A16B89 /* Frameworks */ = {
			isa = PBXFrameworksBuildPhase;
			buildActionMask = 2147483647;
			files = (
				B73DEF7478B31A08A9292107 /* Pods_Roadtrip.framework in Frameworks */,
			);
			runOnlyForDeploymentPostprocessing = 0;
		};
/* End PBXFrameworksBuildPhase section */

/* Begin PBXGroup section */
		ADCF5E41B87847A8F0781DD9 /* Pods */ = {
			isa = PBXGroup;
			children = (
				B4357A17194B6E1F1CDC0951 /* Pods-Roadtrip.debug.xcconfig */,
				582671400E069773557C2B8B /* Pods-Roadtrip.release.xcconfig */,
			);
			name = Pods;
			path = Pods;
			sourceTree = "<group>";
		};
		F055DC263C2A7593126D2CB5 /* Frameworks */ = {
			isa = PBXGroup;
			children = (
				F414DB32DE5A2503AFFF3A42 /* Pods_Roadtrip.framework */,
			);
			name = Frameworks;
			sourceTree = "<group>";
		};
		FDD09970255225C000A16B89 = {
			isa = PBXGroup;
			children = (
				FDD0997B255225C000A16B89 /* Roadtrip */,
				FDD0997A255225C000A16B89 /* Products */,
				ADCF5E41B87847A8F0781DD9 /* Pods */,
				F055DC263C2A7593126D2CB5 /* Frameworks */,
			);
			sourceTree = "<group>";
		};
		FDD0997A255225C000A16B89 /* Products */ = {
			isa = PBXGroup;
			children = (
				FDD09979255225C000A16B89 /* Roadtrip.app */,
			);
			name = Products;
			sourceTree = "<group>";
		};
		FDD0997B255225C000A16B89 /* Roadtrip */ = {
			isa = PBXGroup;
			children = (
				FDD0997C255225C000A16B89 /* AppDelegate.swift */,
				FDD0997E255225C000A16B89 /* SceneDelegate.swift */,
				FDD09980255225C000A16B89 /* ViewController.swift */,
				FDD09982255225C000A16B89 /* Main.storyboard */,
				FDD09985255225C200A16B89 /* Assets.xcassets */,
				FDD09987255225C200A16B89 /* LaunchScreen.storyboard */,
				FDD0998A255225C200A16B89 /* Info.plist */,
			);
			path = Roadtrip;
			sourceTree = "<group>";
		};
/* End PBXGroup section */

/* Begin PBXNativeTarget section */
		FDD09978255225C000A16B89 /* Roadtrip */ = {
			isa = PBXNativeTarget;
			buildConfigurationList = FDD0998D255225C200A16B89 /* Build configuration list for PBXNativeTarget "Roadtrip" */;
			buildPhases = (
				A3DEF8920B2057EFDA299228 /* [CP] Check Pods Manifest.lock */,
				FDD09975255225C000A16B89 /* Sources */,
				FDD09976255225C000A16B89 /* Frameworks */,
				FDD09977255225C000A16B89 /* Resources */,
				27DACA6D61C6D3A3D8DEA323 /* [CP] Copy Pods Resources */,
			);
			buildRules = (
			);
			dependencies = (
			);
			name = Roadtrip;
			productName = Roadtrip;
			productReference = FDD09979255225C000A16B89 /* Roadtrip.app */;
			productType = "com.apple.product-type.application";
		};
/* End PBXNativeTarget section */

/* Begin PBXProject section */
		FDD09971255225C000A16B89 /* Project object */ = {
			isa = PBXProject;
			attributes = {
				LastSwiftUpdateCheck = 1200;
				LastUpgradeCheck = 1200;
				TargetAttributes = {
					FDD09978255225C000A16B89 = {
						CreatedOnToolsVersion = 12.0;
					};
				};
			};
			buildConfigurationList = FDD09974255225C000A16B89 /* Build configuration list for PBXProject "Roadtrip" */;
			compatibilityVersion = "Xcode 9.3";
			developmentRegion = en;
			hasScannedForEncodings = 0;
			knownRegions = (
				en,
				Base,
			);
			mainGroup = FDD09970255225C000A16B89;
			productRefGroup = FDD0997A255225C000A16B89 /* Products */;
			projectDirPath = "";
			projectRoot = "";
			targets = (
				FDD09978255225C000A16B89 /* Roadtrip */,
			);
		};
/* End PBXProject section */

/* Begin PBXResourcesBuildPhase section */
		FDD09977255225C000A16B89 /* Resources */ = {
			isa = PBXResourcesBuildPhase;
			buildActionMask = 2147483647;
			files = (
				FDD09989255225C200A16B89 /* LaunchScreen.storyboard in Resources */,
				FDD09986255225C200A16B89 /* Assets.xcassets in Resources */,
				FDD09984255225C000A16B89 /* Main.storyboard in Resources */,
			);
			runOnlyForDeploymentPostprocessing = 0;
		};
/* End PBXResourcesBuildPhase section */

/* Begin PBXShellScriptBuildPhase section */
		27DACA6D61C6D3A3D8DEA323 /* [CP] Copy Pods Resources */ = {
			isa = PBXShellScriptBuildPhase;
			buildActionMask = 2147483647;
			files = (
			);
			inputFileListPaths = (
				"${PODS_ROOT}/Target Support Files/Pods-Roadtrip/Pods-Roadtrip-resources-${CONFIGURATION}-input-files.xcfilelist",
			);
			name = "[CP] Copy Pods Resources";
			outputFileListPaths = (
				"${PODS_ROOT}/Target Support Files/Pods-Roadtrip/Pods-Roadtrip-resources-${CONFIGURATION}-output-files.xcfilelist",
			);
			runOnlyForDeploymentPostprocessing = 0;
			shellPath = /bin/sh;
			shellScript = "\"${PODS_ROOT}/Target Support Files/Pods-Roadtrip/Pods-Roadtrip-resources.sh\"\n";
			showEnvVarsInLog = 0;
		};
		A3DEF8920B2057EFDA299228 /* [CP] Check Pods Manifest.lock */ = {
			isa = PBXShellScriptBuildPhase;
			buildActionMask = 2147483647;
			files = (
			);
			inputFileListPaths = (
			);
			inputPaths = (
				"${PODS_PODFILE_DIR_PATH}/Podfile.lock",
				"${PODS_ROOT}/Manifest.lock",
			);
			name = "[CP] Check Pods Manifest.lock";
			outputFileListPaths = (
			);
			outputPaths = (
				"$(DERIVED_FILE_DIR)/Pods-Roadtrip-checkManifestLockResult.txt",
			);
			runOnlyForDeploymentPostprocessing = 0;
			shellPath = /bin/sh;
			shellScript = "diff \"${PODS_PODFILE_DIR_PATH}/Podfile.lock\" \"${PODS_ROOT}/Manifest.lock\" > /dev/null\nif [ $? != 0 ] ; then\n    # print error to STDERR\n    echo \"error: The sandbox is not in sync with the Podfile.lock. Run 'pod install' or update your CocoaPods installation.\" >&2\n    exit 1\nfi\n# This output is used by Xcode 'outputs' to avoid re-running this script phase.\necho \"SUCCESS\" > \"${SCRIPT_OUTPUT_FILE_0}\"\n";
			showEnvVarsInLog = 0;
		};
/* End PBXShellScriptBuildPhase section */

/* Begin PBXSourcesBuildPhase section */
		FDD09975255225C000A16B89 /* Sources */ = {
			isa = PBXSourcesBuildPhase;
			buildActionMask = 2147483647;
			files = (
				FDD09981255225C000A16B89 /* ViewController.swift in Sources */,
				FDD0997D255225C000A16B89 /* AppDelegate.swift in Sources */,
				FDD0997F255225C000A16B89 /* SceneDelegate.swift in Sources */,
			);
			runOnlyForDeploymentPostprocessing = 0;
		};
/* End PBXSourcesBuildPhase section */

/* Begin PBXVariantGroup section */
		FDD09982255225C000A16B89 /* Main.storyboard */ = {
			isa = PBXVariantGroup;
			children = (
				FDD09983255225C000A16B89 /* Base */,
			);
			name = Main.storyboard;
			sourceTree = "<group>";
		};
		FDD09987255225C200A16B89 /* LaunchScreen.storyboard */ = {
			isa = PBXVariantGroup;
			children = (
				FDD09988255225C200A16B89 /* Base */,
			);
			name = LaunchScreen.storyboard;
			sourceTree = "<group>";
		};
/* End PBXVariantGroup section */

/* Begin XCBuildConfiguration section */
		FDD0998B255225C200A16B89 /* Debug */ = {
			isa = XCBuildConfiguration;
			buildSettings = {
				ALWAYS_SEARCH_USER_PATHS = NO;
				CLANG_ANALYZER_NONNULL = YES;
				CLANG_ANALYZER_NUMBER_OBJECT_CONVERSION = YES_AGGRESSIVE;
				CLANG_CXX_LANGUAGE_STANDARD = "gnu++14";
				CLANG_CXX_LIBRARY = "libc++";
				CLANG_ENABLE_MODULES = YES;
				CLANG_ENABLE_OBJC_ARC = YES;
				CLANG_ENABLE_OBJC_WEAK = YES;
				CLANG_WARN_BLOCK_CAPTURE_AUTORELEASING = YES;
				CLANG_WARN_BOOL_CONVERSION = YES;
				CLANG_WARN_COMMA = YES;
				CLANG_WARN_CONSTANT_CONVERSION = YES;
				CLANG_WARN_DEPRECATED_OBJC_IMPLEMENTATIONS = YES;
				CLANG_WARN_DIRECT_OBJC_ISA_USAGE = YES_ERROR;
				CLANG_WARN_DOCUMENTATION_COMMENTS = YES;
				CLANG_WARN_EMPTY_BODY = YES;
				CLANG_WARN_ENUM_CONVERSION = YES;
				CLANG_WARN_INFINITE_RECURSION = YES;
				CLANG_WARN_INT_CONVERSION = YES;
				CLANG_WARN_NON_LITERAL_NULL_CONVERSION = YES;
				CLANG_WARN_OBJC_IMPLICIT_RETAIN_SELF = YES;
				CLANG_WARN_OBJC_LITERAL_CONVERSION = YES;
				CLANG_WARN_OBJC_ROOT_CLASS = YES_ERROR;
				CLANG_WARN_QUOTED_INCLUDE_IN_FRAMEWORK_HEADER = YES;
				CLANG_WARN_RANGE_LOOP_ANALYSIS = YES;
				CLANG_WARN_STRICT_PROTOTYPES = YES;
				CLANG_WARN_SUSPICIOUS_MOVE = YES;
				CLANG_WARN_UNGUARDED_AVAILABILITY = YES_AGGRESSIVE;
				CLANG_WARN_UNREACHABLE_CODE = YES;
				CLANG_WARN__DUPLICATE_METHOD_MATCH = YES;
				COPY_PHASE_STRIP = NO;
				DEBUG_INFORMATION_FORMAT = dwarf;
				ENABLE_STRICT_OBJC_MSGSEND = YES;
				ENABLE_TESTABILITY = YES;
				GCC_C_LANGUAGE_STANDARD = gnu11;
				GCC_DYNAMIC_NO_PIC = NO;
				GCC_NO_COMMON_BLOCKS = YES;
				GCC_OPTIMIZATION_LEVEL = 0;
				GCC_PREPROCESSOR_DEFINITIONS = (
					"DEBUG=1",
					"$(inherited)",
				);
				GCC_WARN_64_TO_32_BIT_CONVERSION = YES;
				GCC_WARN_ABOUT_RETURN_TYPE = YES_ERROR;
				GCC_WARN_UNDECLARED_SELECTOR = YES;
				GCC_WARN_UNINITIALIZED_AUTOS = YES_AGGRESSIVE;
				GCC_WARN_UNUSED_FUNCTION = YES;
				GCC_WARN_UNUSED_VARIABLE = YES;
				IPHONEOS_DEPLOYMENT_TARGET = 14.0;
				MTL_ENABLE_DEBUG_INFO = INCLUDE_SOURCE;
				MTL_FAST_MATH = YES;
				ONLY_ACTIVE_ARCH = YES;
				SDKROOT = iphoneos;
				SWIFT_ACTIVE_COMPILATION_CONDITIONS = DEBUG;
				SWIFT_OPTIMIZATION_LEVEL = "-Onone";
			};
			name = Debug;
		};
		FDD0998C255225C200A16B89 /* Release */ = {
			isa = XCBuildConfiguration;
			buildSettings = {
				ALWAYS_SEARCH_USER_PATHS = NO;
				CLANG_ANALYZER_NONNULL = YES;
				CLANG_ANALYZER_NUMBER_OBJECT_CONVERSION = YES_AGGRESSIVE;
				CLANG_CXX_LANGUAGE_STANDARD = "gnu++14";
				CLANG_CXX_LIBRARY = "libc++";
				CLANG_ENABLE_MODULES = YES;
				CLANG_ENABLE_OBJC_ARC = YES;
				CLANG_ENABLE_OBJC_WEAK = YES;
				CLANG_WARN_BLOCK_CAPTURE_AUTORELEASING = YES;
				CLANG_WARN_BOOL_CONVERSION = YES;
				CLANG_WARN_COMMA = YES;
				CLANG_WARN_CONSTANT_CONVERSION = YES;
				CLANG_WARN_DEPRECATED_OBJC_IMPLEMENTATIONS = YES;
				CLANG_WARN_DIRECT_OBJC_ISA_USAGE = YES_ERROR;
				CLANG_WARN_DOCUMENTATION_COMMENTS = YES;
				CLANG_WARN_EMPTY_BODY = YES;
				CLANG_WARN_ENUM_CONVERSION = YES;
				CLANG_WARN_INFINITE_RECURSION = YES;
				CLANG_WARN_INT_CONVERSION = YES;
				CLANG_WARN_NON_LITERAL_NULL_CONVERSION = YES;
				CLANG_WARN_OBJC_IMPLICIT_RETAIN_SELF = YES;
				CLANG_WARN_OBJC_LITERAL_CONVERSION = YES;
				CLANG_WARN_OBJC_ROOT_CLASS = YES_ERROR;
				CLANG_WARN_QUOTED_INCLUDE_IN_FRAMEWORK_HEADER = YES;
				CLANG_WARN_RANGE_LOOP_ANALYSIS = YES;
				CLANG_WARN_STRICT_PROTOTYPES = YES;
				CLANG_WARN_SUSPICIOUS_MOVE = YES;
				CLANG_WARN_UNGUARDED_AVAILABILITY = YES_AGGRESSIVE;
				CLANG_WARN_UNREACHABLE_CODE = YES;
				CLANG_WARN__DUPLICATE_METHOD_MATCH = YES;
				COPY_PHASE_STRIP = NO;
				DEBUG_INFORMATION_FORMAT = "dwarf-with-dsym";
				ENABLE_NS_ASSERTIONS = NO;
				ENABLE_STRICT_OBJC_MSGSEND = YES;
				GCC_C_LANGUAGE_STANDARD = gnu11;
				GCC_NO_COMMON_BLOCKS = YES;
				GCC_WARN_64_TO_32_BIT_CONVERSION = YES;
				GCC_WARN_ABOUT_RETURN_TYPE = YES_ERROR;
				GCC_WARN_UNDECLARED_SELECTOR = YES;
				GCC_WARN_UNINITIALIZED_AUTOS = YES_AGGRESSIVE;
				GCC_WARN_UNUSED_FUNCTION = YES;
				GCC_WARN_UNUSED_VARIABLE = YES;
				IPHONEOS_DEPLOYMENT_TARGET = 14.0;
				MTL_ENABLE_DEBUG_INFO = NO;
				MTL_FAST_MATH = YES;
				SDKROOT = iphoneos;
				SWIFT_COMPILATION_MODE = wholemodule;
				SWIFT_OPTIMIZATION_LEVEL = "-O";
				VALIDATE_PRODUCT = YES;
			};
			name = Release;
		};
		FDD0998E255225C200A16B89 /* Debug */ = {
			isa = XCBuildConfiguration;
			baseConfigurationReference = B4357A17194B6E1F1CDC0951 /* Pods-Roadtrip.debug.xcconfig */;
			buildSettings = {
				ASSETCATALOG_COMPILER_APPICON_NAME = AppIcon;
				ASSETCATALOG_COMPILER_GLOBAL_ACCENT_COLOR_NAME = AccentColor;
				CODE_SIGN_STYLE = Automatic;
				INFOPLIST_FILE = Roadtrip/Info.plist;
				LD_RUNPATH_SEARCH_PATHS = (
					"$(inherited)",
					"@executable_path/Frameworks",
				);
				PRODUCT_BUNDLE_IDENTIFIER = com.shannonbrown.Roadtrip;
				PRODUCT_NAME = "$(TARGET_NAME)";
				SWIFT_VERSION = 5.0;
				TARGETED_DEVICE_FAMILY = "1,2";
			};
			name = Debug;
		};
		FDD0998F255225C200A16B89 /* Release */ = {
			isa = XCBuildConfiguration;
			baseConfigurationReference = 582671400E069773557C2B8B /* Pods-Roadtrip.release.xcconfig */;
			buildSettings = {
				ASSETCATALOG_COMPILER_APPICON_NAME = AppIcon;
				ASSETCATALOG_COMPILER_GLOBAL_ACCENT_COLOR_NAME = AccentColor;
				CODE_SIGN_STYLE = Automatic;
				INFOPLIST_FILE = Roadtrip/Info.plist;
				LD_RUNPATH_SEARCH_PATHS = (
					"$(inherited)",
					"@executable_path/Frameworks",
				);
				PRODUCT_BUNDLE_IDENTIFIER = com.shannonbrown.Roadtrip;
				PRODUCT_NAME = "$(TARGET_NAME)";
				SWIFT_VERSION = 5.0;
				TARGETED_DEVICE_FAMILY = "1,2";
			};
			name = Release;
		};
/* End XCBuildConfiguration section */

/* Begin XCConfigurationList section */
		FDD09974255225C000A16B89 /* Build configuration list for PBXProject "Roadtrip" */ = {
			isa = XCConfigurationList;
			buildConfigurations = (
				FDD0998B255225C200A16B89 /* Debug */,
				FDD0998C255225C200A16B89 /* Release */,
			);
			defaultConfigurationIsVisible = 0;
			defaultConfigurationName = Release;
		};
		FDD0998D255225C200A16B89 /* Build configuration list for PBXNativeTarget "Roadtrip" */ = {
			isa = XCConfigurationList;
			buildConfigurations = (
				FDD0998E255225C200A16B89 /* Debug */,
				FDD0998F255225C200A16B89 /* Release */,
			);
			defaultConfigurationIsVisible = 0;
			defaultConfigurationName = Release;
		};
/* End XCConfigurationList section */
	};
	rootObject = FDD09971255225C000A16B89 /* Project object */;
}
